// !$*UTF8*$!
{
	archiveVersion = 1;
	classes = {
	};
	objectVersion = 50;
	objects = {

/* Begin PBXBuildFile section */
		2408F11C2129F8E30069D9A0 /* AppDelegate.swift in Sources */ = {isa = PBXBuildFile; fileRef = 2408F11B2129F8E30069D9A0 /* AppDelegate.swift */; };
		2408F1212129F8E30069D9A0 /* Main.storyboard in Resources */ = {isa = PBXBuildFile; fileRef = 2408F11F2129F8E30069D9A0 /* Main.storyboard */; };
		2408F1232129F8E50069D9A0 /* Assets.xcassets in Resources */ = {isa = PBXBuildFile; fileRef = 2408F1222129F8E50069D9A0 /* Assets.xcassets */; };
		2408F1262129F8E50069D9A0 /* LaunchScreen.storyboard in Resources */ = {isa = PBXBuildFile; fileRef = 2408F1242129F8E50069D9A0 /* LaunchScreen.storyboard */; };
		2408F12F2129F9DB0069D9A0 /* AuthenticationViewController.swift in Sources */ = {isa = PBXBuildFile; fileRef = 2408F12E2129F9DB0069D9A0 /* AuthenticationViewController.swift */; };
		2408F132212A0A560069D9A0 /* Credential.swift in Sources */ = {isa = PBXBuildFile; fileRef = 2408F131212A0A560069D9A0 /* Credential.swift */; };
		2408F134212A0B740069D9A0 /* MainViewController.swift in Sources */ = {isa = PBXBuildFile; fileRef = 2408F133212A0B740069D9A0 /* MainViewController.swift */; };
		2408F137212A12940069D9A0 /* AuthenticationViewControllerDelegate.swift in Sources */ = {isa = PBXBuildFile; fileRef = 2408F136212A12940069D9A0 /* AuthenticationViewControllerDelegate.swift */; };
		2408F13A212A13650069D9A0 /* User.swift in Sources */ = {isa = PBXBuildFile; fileRef = 2408F139212A13650069D9A0 /* User.swift */; };
		2408F13D212A1CAD0069D9A0 /* APIManager.swift in Sources */ = {isa = PBXBuildFile; fileRef = 2408F13C212A1CAD0069D9A0 /* APIManager.swift */; };
/* End PBXBuildFile section */

/* Begin PBXFileReference section */
		2408F1182129F8E20069D9A0 /* Instagram-client-geekbrains.app */ = {isa = PBXFileReference; explicitFileType = wrapper.application; includeInIndex = 0; path = "Instagram-client-geekbrains.app"; sourceTree = BUILT_PRODUCTS_DIR; };
		2408F11B2129F8E30069D9A0 /* AppDelegate.swift */ = {isa = PBXFileReference; lastKnownFileType = sourcecode.swift; path = AppDelegate.swift; sourceTree = "<group>"; };
		2408F1202129F8E30069D9A0 /* Base */ = {isa = PBXFileReference; lastKnownFileType = file.storyboard; name = Base; path = Base.lproj/Main.storyboard; sourceTree = "<group>"; };
		2408F1222129F8E50069D9A0 /* Assets.xcassets */ = {isa = PBXFileReference; lastKnownFileType = folder.assetcatalog; path = Assets.xcassets; sourceTree = "<group>"; };
		2408F1252129F8E50069D9A0 /* Base */ = {isa = PBXFileReference; lastKnownFileType = file.storyboard; name = Base; path = Base.lproj/LaunchScreen.storyboard; sourceTree = "<group>"; };
		2408F1272129F8E50069D9A0 /* Info.plist */ = {isa = PBXFileReference; lastKnownFileType = text.plist.xml; path = Info.plist; sourceTree = "<group>"; };
		2408F12E2129F9DB0069D9A0 /* AuthenticationViewController.swift */ = {isa = PBXFileReference; lastKnownFileType = sourcecode.swift; path = AuthenticationViewController.swift; sourceTree = "<group>"; };
		2408F131212A0A560069D9A0 /* Credential.swift */ = {isa = PBXFileReference; lastKnownFileType = sourcecode.swift; path = Credential.swift; sourceTree = "<group>"; };
		2408F133212A0B740069D9A0 /* MainViewController.swift */ = {isa = PBXFileReference; lastKnownFileType = sourcecode.swift; path = MainViewController.swift; sourceTree = "<group>"; };
		2408F136212A12940069D9A0 /* AuthenticationViewControllerDelegate.swift */ = {isa = PBXFileReference; lastKnownFileType = sourcecode.swift; path = AuthenticationViewControllerDelegate.swift; sourceTree = "<group>"; };
		2408F139212A13650069D9A0 /* User.swift */ = {isa = PBXFileReference; lastKnownFileType = sourcecode.swift; path = User.swift; sourceTree = "<group>"; };
		2408F13C212A1CAD0069D9A0 /* APIManager.swift */ = {isa = PBXFileReference; lastKnownFileType = sourcecode.swift; path = APIManager.swift; sourceTree = "<group>"; };
/* End PBXFileReference section */

/* Begin PBXFrameworksBuildPhase section */
		2408F1152129F8E20069D9A0 /* Frameworks */ = {
			isa = PBXFrameworksBuildPhase;
			buildActionMask = 2147483647;
			files = (
			);
			runOnlyForDeploymentPostprocessing = 0;
		};
/* End PBXFrameworksBuildPhase section */

/* Begin PBXGroup section */
		2408F10F2129F8E20069D9A0 = {
			isa = PBXGroup;
			children = (
				2408F11A2129F8E20069D9A0 /* Instagram-client-geekbrains */,
				2408F1192129F8E20069D9A0 /* Products */,
			);
			sourceTree = "<group>";
		};
		2408F1192129F8E20069D9A0 /* Products */ = {
			isa = PBXGroup;
			children = (
				2408F1182129F8E20069D9A0 /* Instagram-client-geekbrains.app */,
			);
			name = Products;
			sourceTree = "<group>";
		};
		2408F11A2129F8E20069D9A0 /* Instagram-client-geekbrains */ = {
			isa = PBXGroup;
			children = (
				2408F13B212A1C9A0069D9A0 /* API */,
				2408F138212A13530069D9A0 /* Models */,
				2408F130212A0A2E0069D9A0 /* Utilites */,
				2408F12D2129F9A30069D9A0 /* Controllers */,
				2408F11B2129F8E30069D9A0 /* AppDelegate.swift */,
				2408F11F2129F8E30069D9A0 /* Main.storyboard */,
				2408F1222129F8E50069D9A0 /* Assets.xcassets */,
				2408F1242129F8E50069D9A0 /* LaunchScreen.storyboard */,
				2408F1272129F8E50069D9A0 /* Info.plist */,
			);
			path = "Instagram-client-geekbrains";
			sourceTree = "<group>";
		};
		2408F12D2129F9A30069D9A0 /* Controllers */ = {
			isa = PBXGroup;
			children = (
				2408F135212A12390069D9A0 /* Authentication */,
				2408F133212A0B740069D9A0 /* MainViewController.swift */,
			);
			path = Controllers;
			sourceTree = "<group>";
		};
		2408F130212A0A2E0069D9A0 /* Utilites */ = {
			isa = PBXGroup;
			children = (
				2408F131212A0A560069D9A0 /* Credential.swift */,
			);
			path = Utilites;
			sourceTree = "<group>";
		};
		2408F135212A12390069D9A0 /* Authentication */ = {
			isa = PBXGroup;
			children = (
				2408F12E2129F9DB0069D9A0 /* AuthenticationViewController.swift */,
				2408F136212A12940069D9A0 /* AuthenticationViewControllerDelegate.swift */,
			);
			path = Authentication;
			sourceTree = "<group>";
		};
		2408F138212A13530069D9A0 /* Models */ = {
			isa = PBXGroup;
			children = (
				2408F139212A13650069D9A0 /* User.swift */,
			);
			path = Models;
			sourceTree = "<group>";
		};
		2408F13B212A1C9A0069D9A0 /* API */ = {
			isa = PBXGroup;
			children = (
				2408F13C212A1CAD0069D9A0 /* APIManager.swift */,
			);
			path = API;
			sourceTree = "<group>";
		};
/* End PBXGroup section */

/* Begin PBXNativeTarget section */
		2408F1172129F8E20069D9A0 /* Instagram-client-geekbrains */ = {
			isa = PBXNativeTarget;
			buildConfigurationList = 2408F12A2129F8E50069D9A0 /* Build configuration list for PBXNativeTarget "Instagram-client-geekbrains" */;
			buildPhases = (
				2408F1142129F8E20069D9A0 /* Sources */,
				2408F1152129F8E20069D9A0 /* Frameworks */,
				2408F1162129F8E20069D9A0 /* Resources */,
			);
			buildRules = (
			);
			dependencies = (
			);
			name = "Instagram-client-geekbrains";
			productName = "Instagram-client-geekbrains";
			productReference = 2408F1182129F8E20069D9A0 /* Instagram-client-geekbrains.app */;
			productType = "com.apple.product-type.application";
		};
/* End PBXNativeTarget section */

/* Begin PBXProject section */
		2408F1102129F8E20069D9A0 /* Project object */ = {
			isa = PBXProject;
			attributes = {
				LastSwiftUpdateCheck = 0940;
				LastUpgradeCheck = 0940;
				ORGANIZATIONNAME = "Timur Sasin";
				TargetAttributes = {
					2408F1172129F8E20069D9A0 = {
						CreatedOnToolsVersion = 9.4.1;
					};
				};
			};
			buildConfigurationList = 2408F1132129F8E20069D9A0 /* Build configuration list for PBXProject "Instagram-client-geekbrains" */;
			compatibilityVersion = "Xcode 9.3";
			developmentRegion = en;
			hasScannedForEncodings = 0;
			knownRegions = (
				en,
				Base,
			);
			mainGroup = 2408F10F2129F8E20069D9A0;
			productRefGroup = 2408F1192129F8E20069D9A0 /* Products */;
			projectDirPath = "";
			projectRoot = "";
			targets = (
				2408F1172129F8E20069D9A0 /* Instagram-client-geekbrains */,
			);
		};
/* End PBXProject section */

/* Begin PBXResourcesBuildPhase section */
		2408F1162129F8E20069D9A0 /* Resources */ = {
			isa = PBXResourcesBuildPhase;
			buildActionMask = 2147483647;
			files = (
				2408F1262129F8E50069D9A0 /* LaunchScreen.storyboard in Resources */,
				2408F1232129F8E50069D9A0 /* Assets.xcassets in Resources */,
				2408F1212129F8E30069D9A0 /* Main.storyboard in Resources */,
			);
			runOnlyForDeploymentPostprocessing = 0;
		};
/* End PBXResourcesBuildPhase section */

/* Begin PBXSourcesBuildPhase section */
		2408F1142129F8E20069D9A0 /* Sources */ = {
			isa = PBXSourcesBuildPhase;
			buildActionMask = 2147483647;
			files = (
				2408F137212A12940069D9A0 /* AuthenticationViewControllerDelegate.swift in Sources */,
				2408F12F2129F9DB0069D9A0 /* AuthenticationViewController.swift in Sources */,
				2408F13A212A13650069D9A0 /* User.swift in Sources */,
				2408F132212A0A560069D9A0 /* Credential.swift in Sources */,
				2408F11C2129F8E30069D9A0 /* AppDelegate.swift in Sources */,
				2408F134212A0B740069D9A0 /* MainViewController.swift in Sources */,
				2408F13D212A1CAD0069D9A0 /* APIManager.swift in Sources */,
			);
			runOnlyForDeploymentPostprocessing = 0;
		};
/* End PBXSourcesBuildPhase section */

/* Begin PBXVariantGroup section */
		2408F11F2129F8E30069D9A0 /* Main.storyboard */ = {
			isa = PBXVariantGroup;
			children = (
				2408F1202129F8E30069D9A0 /* Base */,
			);
			name = Main.storyboard;
			sourceTree = "<group>";
		};
		2408F1242129F8E50069D9A0 /* LaunchScreen.storyboard */ = {
			isa = PBXVariantGroup;
			children = (
				2408F1252129F8E50069D9A0 /* Base */,
			);
			name = LaunchScreen.storyboard;
			sourceTree = "<group>";
		};
/* End PBXVariantGroup section */

/* Begin XCBuildConfiguration section */
		2408F1282129F8E50069D9A0 /* Debug */ = {
			isa = XCBuildConfiguration;
			buildSettings = {
				ALWAYS_SEARCH_USER_PATHS = NO;
				CLANG_ANALYZER_NONNULL = YES;
				CLANG_ANALYZER_NUMBER_OBJECT_CONVERSION = YES_AGGRESSIVE;
				CLANG_CXX_LANGUAGE_STANDARD = "gnu++14";
				CLANG_CXX_LIBRARY = "libc++";
				CLANG_ENABLE_MODULES = YES;
				CLANG_ENABLE_OBJC_ARC = YES;
				CLANG_ENABLE_OBJC_WEAK = YES;
				CLANG_WARN_BLOCK_CAPTURE_AUTORELEASING = YES;
				CLANG_WARN_BOOL_CONVERSION = YES;
				CLANG_WARN_COMMA = YES;
				CLANG_WARN_CONSTANT_CONVERSION = YES;
				CLANG_WARN_DEPRECATED_OBJC_IMPLEMENTATIONS = YES;
				CLANG_WARN_DIRECT_OBJC_ISA_USAGE = YES_ERROR;
				CLANG_WARN_DOCUMENTATION_COMMENTS = YES;
				CLANG_WARN_EMPTY_BODY = YES;
				CLANG_WARN_ENUM_CONVERSION = YES;
				CLANG_WARN_INFINITE_RECURSION = YES;
				CLANG_WARN_INT_CONVERSION = YES;
				CLANG_WARN_NON_LITERAL_NULL_CONVERSION = YES;
				CLANG_WARN_OBJC_IMPLICIT_RETAIN_SELF = YES;
				CLANG_WARN_OBJC_LITERAL_CONVERSION = YES;
				CLANG_WARN_OBJC_ROOT_CLASS = YES_ERROR;
				CLANG_WARN_RANGE_LOOP_ANALYSIS = YES;
				CLANG_WARN_STRICT_PROTOTYPES = YES;
				CLANG_WARN_SUSPICIOUS_MOVE = YES;
				CLANG_WARN_UNGUARDED_AVAILABILITY = YES_AGGRESSIVE;
				CLANG_WARN_UNREACHABLE_CODE = YES;
				CLANG_WARN__DUPLICATE_METHOD_MATCH = YES;
				CODE_SIGN_IDENTITY = "iPhone Developer";
				COPY_PHASE_STRIP = NO;
				DEBUG_INFORMATION_FORMAT = dwarf;
				ENABLE_STRICT_OBJC_MSGSEND = YES;
				ENABLE_TESTABILITY = YES;
				GCC_C_LANGUAGE_STANDARD = gnu11;
				GCC_DYNAMIC_NO_PIC = NO;
				GCC_NO_COMMON_BLOCKS = YES;
				GCC_OPTIMIZATION_LEVEL = 0;
				GCC_PREPROCESSOR_DEFINITIONS = (
					"DEBUG=1",
					"$(inherited)",
				);
				GCC_WARN_64_TO_32_BIT_CONVERSION = YES;
				GCC_WARN_ABOUT_RETURN_TYPE = YES_ERROR;
				GCC_WARN_UNDECLARED_SELECTOR = YES;
				GCC_WARN_UNINITIALIZED_AUTOS = YES_AGGRESSIVE;
				GCC_WARN_UNUSED_FUNCTION = YES;
				GCC_WARN_UNUSED_VARIABLE = YES;
				IPHONEOS_DEPLOYMENT_TARGET = 11.4;
				MTL_ENABLE_DEBUG_INFO = YES;
				ONLY_ACTIVE_ARCH = YES;
				SDKROOT = iphoneos;
				SWIFT_ACTIVE_COMPILATION_CONDITIONS = DEBUG;
				SWIFT_OPTIMIZATION_LEVEL = "-Onone";
			};
			name = Debug;
		};
		2408F1292129F8E50069D9A0 /* Release */ = {
			isa = XCBuildConfiguration;
			buildSettings = {
				ALWAYS_SEARCH_USER_PATHS = NO;
				CLANG_ANALYZER_NONNULL = YES;
				CLANG_ANALYZER_NUMBER_OBJECT_CONVERSION = YES_AGGRESSIVE;
				CLANG_CXX_LANGUAGE_STANDARD = "gnu++14";
				CLANG_CXX_LIBRARY = "libc++";
				CLANG_ENABLE_MODULES = YES;
				CLANG_ENABLE_OBJC_ARC = YES;
				CLANG_ENABLE_OBJC_WEAK = YES;
				CLANG_WARN_BLOCK_CAPTURE_AUTORELEASING = YES;
				CLANG_WARN_BOOL_CONVERSION = YES;
				CLANG_WARN_COMMA = YES;
				CLANG_WARN_CONSTANT_CONVERSION = YES;
				CLANG_WARN_DEPRECATED_OBJC_IMPLEMENTATIONS = YES;
				CLANG_WARN_DIRECT_OBJC_ISA_USAGE = YES_ERROR;
				CLANG_WARN_DOCUMENTATION_COMMENTS = YES;
				CLANG_WARN_EMPTY_BODY = YES;
				CLANG_WARN_ENUM_CONVERSION = YES;
				CLANG_WARN_INFINITE_RECURSION = YES;
				CLANG_WARN_INT_CONVERSION = YES;
				CLANG_WARN_NON_LITERAL_NULL_CONVERSION = YES;
				CLANG_WARN_OBJC_IMPLICIT_RETAIN_SELF = YES;
				CLANG_WARN_OBJC_LITERAL_CONVERSION = YES;
				CLANG_WARN_OBJC_ROOT_CLASS = YES_ERROR;
				CLANG_WARN_RANGE_LOOP_ANALYSIS = YES;
				CLANG_WARN_STRICT_PROTOTYPES = YES;
				CLANG_WARN_SUSPICIOUS_MOVE = YES;
				CLANG_WARN_UNGUARDED_AVAILABILITY = YES_AGGRESSIVE;
				CLANG_WARN_UNREACHABLE_CODE = YES;
				CLANG_WARN__DUPLICATE_METHOD_MATCH = YES;
				CODE_SIGN_IDENTITY = "iPhone Developer";
				COPY_PHASE_STRIP = NO;
				DEBUG_INFORMATION_FORMAT = "dwarf-with-dsym";
				ENABLE_NS_ASSERTIONS = NO;
				ENABLE_STRICT_OBJC_MSGSEND = YES;
				GCC_C_LANGUAGE_STANDARD = gnu11;
				GCC_NO_COMMON_BLOCKS = YES;
				GCC_WARN_64_TO_32_BIT_CONVERSION = YES;
				GCC_WARN_ABOUT_RETURN_TYPE = YES_ERROR;
				GCC_WARN_UNDECLARED_SELECTOR = YES;
				GCC_WARN_UNINITIALIZED_AUTOS = YES_AGGRESSIVE;
				GCC_WARN_UNUSED_FUNCTION = YES;
				GCC_WARN_UNUSED_VARIABLE = YES;
				IPHONEOS_DEPLOYMENT_TARGET = 11.4;
				MTL_ENABLE_DEBUG_INFO = NO;
				SDKROOT = iphoneos;
				SWIFT_COMPILATION_MODE = wholemodule;
				SWIFT_OPTIMIZATION_LEVEL = "-O";
				VALIDATE_PRODUCT = YES;
			};
			name = Release;
		};
		2408F12B2129F8E50069D9A0 /* Debug */ = {
			isa = XCBuildConfiguration;
			buildSettings = {
				ASSETCATALOG_COMPILER_APPICON_NAME = AppIcon;
				CODE_SIGN_STYLE = Automatic;
				DEVELOPMENT_TEAM = 2Z6NXW9238;
				INFOPLIST_FILE = "Instagram-client-geekbrains/Info.plist";
				LD_RUNPATH_SEARCH_PATHS = (
					"$(inherited)",
					"@executable_path/Frameworks",
				);
				PRODUCT_BUNDLE_IDENTIFIER = "com.timursasin.Instagram-client-geekbrains";
				PRODUCT_NAME = "$(TARGET_NAME)";
				SWIFT_VERSION = 4.0;
				TARGETED_DEVICE_FAMILY = "1,2";
			};
			name = Debug;
		};
		2408F12C2129F8E50069D9A0 /* Release */ = {
			isa = XCBuildConfiguration;
			buildSettings = {
				ASSETCATALOG_COMPILER_APPICON_NAME = AppIcon;
				CODE_SIGN_STYLE = Automatic;
				DEVELOPMENT_TEAM = 2Z6NXW9238;
				INFOPLIST_FILE = "Instagram-client-geekbrains/Info.plist";
				LD_RUNPATH_SEARCH_PATHS = (
					"$(inherited)",
					"@executable_path/Frameworks",
				);
				PRODUCT_BUNDLE_IDENTIFIER = "com.timursasin.Instagram-client-geekbrains";
				PRODUCT_NAME = "$(TARGET_NAME)";
				SWIFT_VERSION = 4.0;
				TARGETED_DEVICE_FAMILY = "1,2";
			};
			name = Release;
		};
/* End XCBuildConfiguration section */

/* Begin XCConfigurationList section */
		2408F1132129F8E20069D9A0 /* Build configuration list for PBXProject "Instagram-client-geekbrains" */ = {
			isa = XCConfigurationList;
			buildConfigurations = (
				2408F1282129F8E50069D9A0 /* Debug */,
				2408F1292129F8E50069D9A0 /* Release */,
			);
			defaultConfigurationIsVisible = 0;
			defaultConfigurationName = Release;
		};
		2408F12A2129F8E50069D9A0 /* Build configuration list for PBXNativeTarget "Instagram-client-geekbrains" */ = {
			isa = XCConfigurationList;
			buildConfigurations = (
				2408F12B2129F8E50069D9A0 /* Debug */,
				2408F12C2129F8E50069D9A0 /* Release */,
			);
			defaultConfigurationIsVisible = 0;
			defaultConfigurationName = Release;
		};
/* End XCConfigurationList section */
	};
	rootObject = 2408F1102129F8E20069D9A0 /* Project object */;
}
